<?xml version="1.0" encoding="utf-8"?>
<Project ToolsVersion="4.0" xmlns="http://schemas.microsoft.com/developer/msbuild/2003">
  <ItemGroup>
    <Filter Include="Source Files">
      <UniqueIdentifier>{4FC737F1-C7A5-4376-A066-2A32D752A2FF}</UniqueIdentifier>
      <Extensions>cpp;c;cc;cxx;def;odl;idl;hpj;bat;asm;asmx</Extensions>
    </Filter>
    <Filter Include="Header Files">
      <UniqueIdentifier>{93995380-89BD-4b04-88EB-625FBE52EBFB}</UniqueIdentifier>
      <Extensions>h;hh;hpp;hxx;hm;inl;inc;xsd</Extensions>
    </Filter>
    <Filter Include="Resource Files">
      <UniqueIdentifier>{67DA6AB6-F800-4c08-8B7A-83BB121AAD01}</UniqueIdentifier>
      <Extensions>rc;ico;cur;bmp;dlg;rc2;rct;bin;rgs;gif;jpg;jpeg;jpe;resx;tiff;tif;png;wav;mfcribbon-ms</Extensions>
    </Filter>
    <Filter Include="Source Files\ATTR">
      <UniqueIdentifier>{20aea07a-aa66-42d8-9f86-654dcf02bdba}</UniqueIdentifier>
    </Filter>
    <Filter Include="Source Files\BARRIER">
      <UniqueIdentifier>{7d5d7ea3-dbee-43d4-a199-de71c4d4aeca}</UniqueIdentifier>
    </Filter>
    <Filter Include="Source Files\CANCEL">
      <UniqueIdentifier>{0efd59be-4515-4c2e-b8ea-e8e0d40bd9a3}</UniqueIdentifier>
    </Filter>
    <Filter Include="Source Files\CONDVAR">
      <UniqueIdentifier>{89a765e6-0f00-4c38-9590-e40bd615cea1}</UniqueIdentifier>
    </Filter>
    <Filter Include="Source Files\EXIT">
      <UniqueIdentifier>{ea69b2dc-680d-4af2-b1ac-a322d734baf2}</UniqueIdentifier>
    </Filter>
    <Filter Include="Source Files\MISC">
      <UniqueIdentifier>{8cdd468e-30f5-4c3f-bfd2-2a488020d066}</UniqueIdentifier>
    </Filter>
    <Filter Include="Source Files\MUTEX">
      <UniqueIdentifier>{39a64678-221e-4545-8a52-d0cb795642a6}</UniqueIdentifier>
    </Filter>
    <Filter Include="Source Files\NONPORTABLE">
      <UniqueIdentifier>{e423588b-d05b-4254-b561-d7891585ca94}</UniqueIdentifier>
    </Filter>
    <Filter Include="Source Files\PRIVATE">
      <UniqueIdentifier>{2484be37-612f-49eb-b1e3-4666ca575a58}</UniqueIdentifier>
    </Filter>
    <Filter Include="Source Files\RWLOCK">
      <UniqueIdentifier>{831f7099-53fc-4583-85f2-a17e8ea5d080}</UniqueIdentifier>
    </Filter>
    <Filter Include="Source Files\SCHED">
      <UniqueIdentifier>{f24812d3-dfbd-4afd-a758-9a986e657b1e}</UniqueIdentifier>
    </Filter>
    <Filter Include="Source Files\SEMAPHORE">
      <UniqueIdentifier>{c7aa8b4d-75ea-44a2-bb1a-51d5989074e8}</UniqueIdentifier>
    </Filter>
    <Filter Include="Source Files\SPIN">
      <UniqueIdentifier>{1635ebe3-c0e1-41b8-bfd6-97894a4f9031}</UniqueIdentifier>
    </Filter>
    <Filter Include="Source Files\SYNC">
      <UniqueIdentifier>{1c9c3ef4-8e93-46dd-9474-c10cf73260be}</UniqueIdentifier>
    </Filter>
    <Filter Include="Source Files\TSD">
      <UniqueIdentifier>{6b7c4552-9d1b-4b57-b2ab-f6b0e0163ac6}</UniqueIdentifier>
    </Filter>
  </ItemGroup>
  <ItemGroup>
    <ClCompile Include="pthreads-sources\pthread_getspecific.c">
      <Filter>Source Files\TSD</Filter>
    </ClCompile>
    <ClCompile Include="pthreads-sources\pthread_key_create.c">
      <Filter>Source Files\TSD</Filter>
    </ClCompile>
    <ClCompile Include="pthreads-sources\pthread_key_delete.c">
      <Filter>Source Files\TSD</Filter>
    </ClCompile>
    <ClCompile Include="pthreads-sources\pthread_setspecific.c">
      <Filter>Source Files\TSD</Filter>
    </ClCompile>
    <ClCompile Include="pthreads-sources\pthread_detach.c">
      <Filter>Source Files\SYNC</Filter>
    </ClCompile>
    <ClCompile Include="pthreads-sources\pthread_join.c">
      <Filter>Source Files\SYNC</Filter>
    </ClCompile>
    <ClCompile Include="pthreads-sources\pthread_spin_destroy.c">
      <Filter>Source Files\SPIN</Filter>
    </ClCompile>
    <ClCompile Include="pthreads-sources\pthread_spin_init.c">
      <Filter>Source Files\SPIN</Filter>
    </ClCompile>
    <ClCompile Include="pthreads-sources\pthread_spin_lock.c">
      <Filter>Source Files\SPIN</Filter>
    </ClCompile>
    <ClCompile Include="pthreads-sources\pthread_spin_trylock.c">
      <Filter>Source Files\SPIN</Filter>
    </ClCompile>
    <ClCompile Include="pthreads-sources\pthread_spin_unlock.c">
      <Filter>Source Files\SPIN</Filter>
    </ClCompile>
    <ClCompile Include="pthreads-sources\ptw32_spinlock_check_need_init.c">
      <Filter>Source Files\SPIN</Filter>
    </ClCompile>
    <ClCompile Include="pthreads-sources\sem_close.c">
      <Filter>Source Files\SEMAPHORE</Filter>
    </ClCompile>
    <ClCompile Include="pthreads-sources\sem_destroy.c">
      <Filter>Source Files\SEMAPHORE</Filter>
    </ClCompile>
    <ClCompile Include="pthreads-sources\sem_getvalue.c">
      <Filter>Source Files\SEMAPHORE</Filter>
    </ClCompile>
    <ClCompile Include="pthreads-sources\sem_init.c">
      <Filter>Source Files\SEMAPHORE</Filter>
    </ClCompile>
    <ClCompile Include="pthreads-sources\sem_open.c">
      <Filter>Source Files\SEMAPHORE</Filter>
    </ClCompile>
    <ClCompile Include="pthreads-sources\sem_post.c">
      <Filter>Source Files\SEMAPHORE</Filter>
    </ClCompile>
    <ClCompile Include="pthreads-sources\sem_post_multiple.c">
      <Filter>Source Files\SEMAPHORE</Filter>
    </ClCompile>
    <ClCompile Include="pthreads-sources\sem_timedwait.c">
      <Filter>Source Files\SEMAPHORE</Filter>
    </ClCompile>
    <ClCompile Include="pthreads-sources\sem_trywait.c">
      <Filter>Source Files\SEMAPHORE</Filter>
    </ClCompile>
    <ClCompile Include="pthreads-sources\sem_unlink.c">
      <Filter>Source Files\SEMAPHORE</Filter>
    </ClCompile>
    <ClCompile Include="pthreads-sources\sem_wait.c">
      <Filter>Source Files\SEMAPHORE</Filter>
    </ClCompile>
    <ClCompile Include="pthreads-sources\pthread_attr_getinheritsched.c">
      <Filter>Source Files\SCHED</Filter>
    </ClCompile>
    <ClCompile Include="pthreads-sources\pthread_attr_getschedparam.c">
      <Filter>Source Files\SCHED</Filter>
    </ClCompile>
    <ClCompile Include="pthreads-sources\pthread_attr_getschedpolicy.c">
      <Filter>Source Files\SCHED</Filter>
    </ClCompile>
    <ClCompile Include="pthreads-sources\pthread_attr_setinheritsched.c">
      <Filter>Source Files\SCHED</Filter>
    </ClCompile>
    <ClCompile Include="pthreads-sources\pthread_attr_setschedparam.c">
      <Filter>Source Files\SCHED</Filter>
    </ClCompile>
    <ClCompile Include="pthreads-sources\pthread_attr_setschedpolicy.c">
      <Filter>Source Files\SCHED</Filter>
    </ClCompile>
    <ClCompile Include="pthreads-sources\pthread_getschedparam.c">
      <Filter>Source Files\SCHED</Filter>
    </ClCompile>
    <ClCompile Include="pthreads-sources\pthread_setschedparam.c">
      <Filter>Source Files\SCHED</Filter>
    </ClCompile>
    <ClCompile Include="pthreads-sources\sched_get_priority_max.c">
      <Filter>Source Files\SCHED</Filter>
    </ClCompile>
    <ClCompile Include="pthreads-sources\sched_get_priority_min.c">
      <Filter>Source Files\SCHED</Filter>
    </ClCompile>
    <ClCompile Include="pthreads-sources\sched_getscheduler.c">
      <Filter>Source Files\SCHED</Filter>
    </ClCompile>
    <ClCompile Include="pthreads-sources\sched_setscheduler.c">
      <Filter>Source Files\SCHED</Filter>
    </ClCompile>
    <ClCompile Include="pthreads-sources\sched_yield.c">
      <Filter>Source Files\SCHED</Filter>
    </ClCompile>
    <ClCompile Include="pthreads-sources\pthread_rwlock_destroy.c">
      <Filter>Source Files\RWLOCK</Filter>
    </ClCompile>
    <ClCompile Include="pthreads-sources\pthread_rwlock_init.c">
      <Filter>Source Files\RWLOCK</Filter>
    </ClCompile>
    <ClCompile Include="pthreads-sources\pthread_rwlock_rdlock.c">
      <Filter>Source Files\RWLOCK</Filter>
    </ClCompile>
    <ClCompile Include="pthreads-sources\pthread_rwlock_timedrdlock.c">
      <Filter>Source Files\RWLOCK</Filter>
    </ClCompile>
    <ClCompile Include="pthreads-sources\pthread_rwlock_timedwrlock.c">
      <Filter>Source Files\RWLOCK</Filter>
    </ClCompile>
    <ClCompile Include="pthreads-sources\pthread_rwlock_tryrdlock.c">
      <Filter>Source Files\RWLOCK</Filter>
    </ClCompile>
    <ClCompile Include="pthreads-sources\pthread_rwlock_trywrlock.c">
      <Filter>Source Files\RWLOCK</Filter>
    </ClCompile>
    <ClCompile Include="pthreads-sources\pthread_rwlock_unlock.c">
      <Filter>Source Files\RWLOCK</Filter>
    </ClCompile>
    <ClCompile Include="pthreads-sources\pthread_rwlock_wrlock.c">
      <Filter>Source Files\RWLOCK</Filter>
    </ClCompile>
    <ClCompile Include="pthreads-sources\pthread_rwlockattr_destroy.c">
      <Filter>Source Files\RWLOCK</Filter>
    </ClCompile>
    <ClCompile Include="pthreads-sources\pthread_rwlockattr_getpshared.c">
      <Filter>Source Files\RWLOCK</Filter>
    </ClCompile>
    <ClCompile Include="pthreads-sources\pthread_rwlockattr_init.c">
      <Filter>Source Files\RWLOCK</Filter>
    </ClCompile>
    <ClCompile Include="pthreads-sources\pthread_rwlockattr_setpshared.c">
      <Filter>Source Files\RWLOCK</Filter>
    </ClCompile>
    <ClCompile Include="pthreads-sources\ptw32_rwlock_cancelwrwait.c">
      <Filter>Source Files\RWLOCK</Filter>
    </ClCompile>
    <ClCompile Include="pthreads-sources\ptw32_rwlock_check_need_init.c">
      <Filter>Source Files\RWLOCK</Filter>
    </ClCompile>
    <ClCompile Include="pthreads-sources\ptw32_is_attr.c">
      <Filter>Source Files\PRIVATE</Filter>
    </ClCompile>
    <ClCompile Include="pthreads-sources\ptw32_callUserDestroyRoutines.c">
      <Filter>Source Files\PRIVATE</Filter>
    </ClCompile>
    <ClCompile Include="pthreads-sources\ptw32_getprocessors.c">
      <Filter>Source Files\PRIVATE</Filter>
    </ClCompile>
    <ClCompile Include="pthreads-sources\ptw32_processInitialize.c">
      <Filter>Source Files\PRIVATE</Filter>
    </ClCompile>
    <ClCompile Include="pthreads-sources\ptw32_processTerminate.c">
      <Filter>Source Files\PRIVATE</Filter>
    </ClCompile>
    <ClCompile Include="pthreads-sources\ptw32_semwait.c">
      <Filter>Source Files\PRIVATE</Filter>
    </ClCompile>
    <ClCompile Include="pthreads-sources\ptw32_threadDestroy.c">
      <Filter>Source Files\PRIVATE</Filter>
    </ClCompile>
    <ClCompile Include="pthreads-sources\ptw32_threadStart.c">
      <Filter>Source Files\PRIVATE</Filter>
    </ClCompile>
    <ClCompile Include="pthreads-sources\ptw32_throw.c">
      <Filter>Source Files\PRIVATE</Filter>
    </ClCompile>
    <ClCompile Include="pthreads-sources\ptw32_timespec.c">
      <Filter>Source Files\PRIVATE</Filter>
    </ClCompile>
    <ClCompile Include="pthreads-sources\ptw32_tkAssocCreate.c">
      <Filter>Source Files\PRIVATE</Filter>
    </ClCompile>
    <ClCompile Include="pthreads-sources\ptw32_tkAssocDestroy.c">
      <Filter>Source Files\PRIVATE</Filter>
    </ClCompile>
    <ClCompile Include="pthreads-sources\pthread_delay_np.c">
      <Filter>Source Files\NONPORTABLE</Filter>
    </ClCompile>
    <ClCompile Include="pthreads-sources\pthread_getunique_np.c">
      <Filter>Source Files\NONPORTABLE</Filter>
    </ClCompile>
    <ClCompile Include="pthreads-sources\pthread_getw32threadhandle_np.c">
      <Filter>Source Files\NONPORTABLE</Filter>
    </ClCompile>
    <ClCompile Include="pthreads-sources\pthread_mutexattr_getkind_np.c">
      <Filter>Source Files\NONPORTABLE</Filter>
    </ClCompile>
    <ClCompile Include="pthreads-sources\pthread_mutexattr_setkind_np.c">
      <Filter>Source Files\NONPORTABLE</Filter>
    </ClCompile>
    <ClCompile Include="pthreads-sources\pthread_num_processors_np.c">
      <Filter>Source Files\NONPORTABLE</Filter>
    </ClCompile>
    <ClCompile Include="pthreads-sources\pthread_timechange_handler_np.c">
      <Filter>Source Files\NONPORTABLE</Filter>
    </ClCompile>
    <ClCompile Include="pthreads-sources\pthread_win32_attach_detach_np.c">
      <Filter>Source Files\NONPORTABLE</Filter>
    </ClCompile>
    <ClCompile Include="pthreads-sources\pthread_mutex_consistent.c">
      <Filter>Source Files\MUTEX</Filter>
    </ClCompile>
    <ClCompile Include="pthreads-sources\pthread_mutex_destroy.c">
      <Filter>Source Files\MUTEX</Filter>
    </ClCompile>
    <ClCompile Include="pthreads-sources\pthread_mutex_init.c">
      <Filter>Source Files\MUTEX</Filter>
    </ClCompile>
    <ClCompile Include="pthreads-sources\pthread_mutex_lock.c">
      <Filter>Source Files\MUTEX</Filter>
    </ClCompile>
    <ClCompile Include="pthreads-sources\pthread_mutex_timedlock.c">
      <Filter>Source Files\MUTEX</Filter>
    </ClCompile>
    <ClCompile Include="pthreads-sources\pthread_mutex_trylock.c">
      <Filter>Source Files\MUTEX</Filter>
    </ClCompile>
    <ClCompile Include="pthreads-sources\pthread_mutex_unlock.c">
      <Filter>Source Files\MUTEX</Filter>
    </ClCompile>
    <ClCompile Include="pthreads-sources\pthread_mutexattr_destroy.c">
      <Filter>Source Files\MUTEX</Filter>
    </ClCompile>
    <ClCompile Include="pthreads-sources\pthread_mutexattr_getpshared.c">
      <Filter>Source Files\MUTEX</Filter>
    </ClCompile>
    <ClCompile Include="pthreads-sources\pthread_mutexattr_getrobust.c">
      <Filter>Source Files\MUTEX</Filter>
    </ClCompile>
    <ClCompile Include="pthreads-sources\pthread_mutexattr_gettype.c">
      <Filter>Source Files\MUTEX</Filter>
    </ClCompile>
    <ClCompile Include="pthreads-sources\pthread_mutexattr_init.c">
      <Filter>Source Files\MUTEX</Filter>
    </ClCompile>
    <ClCompile Include="pthreads-sources\pthread_mutexattr_setpshared.c">
      <Filter>Source Files\MUTEX</Filter>
    </ClCompile>
    <ClCompile Include="pthreads-sources\pthread_mutexattr_setrobust.c">
      <Filter>Source Files\MUTEX</Filter>
    </ClCompile>
    <ClCompile Include="pthreads-sources\pthread_mutexattr_settype.c">
      <Filter>Source Files\MUTEX</Filter>
    </ClCompile>
    <ClCompile Include="pthreads-sources\ptw32_mutex_check_need_init.c">
      <Filter>Source Files\MUTEX</Filter>
    </ClCompile>
    <ClCompile Include="pthreads-sources\pthread_exit.c">
      <Filter>Source Files\EXIT</Filter>
    </ClCompile>
    <ClCompile Include="pthreads-sources\pthread_equal.c">
      <Filter>Source Files\MISC</Filter>
    </ClCompile>
    <ClCompile Include="pthreads-sources\pthread_getconcurrency.c">
      <Filter>Source Files\MISC</Filter>
    </ClCompile>
    <ClCompile Include="pthreads-sources\pthread_kill.c">
      <Filter>Source Files\MISC</Filter>
    </ClCompile>
    <ClCompile Include="pthreads-sources\pthread_once.c">
      <Filter>Source Files\MISC</Filter>
    </ClCompile>
    <ClCompile Include="pthreads-sources\pthread_self.c">
      <Filter>Source Files\MISC</Filter>
    </ClCompile>
    <ClCompile Include="pthreads-sources\pthread_setconcurrency.c">
      <Filter>Source Files\MISC</Filter>
    </ClCompile>
    <ClCompile Include="pthreads-sources\ptw32_calloc.c">
      <Filter>Source Files\MISC</Filter>
    </ClCompile>
    <ClCompile Include="pthreads-sources\ptw32_MCS_lock.c">
      <Filter>Source Files\MISC</Filter>
    </ClCompile>
    <ClCompile Include="pthreads-sources\ptw32_new.c">
      <Filter>Source Files\MISC</Filter>
    </ClCompile>
    <ClCompile Include="pthreads-sources\ptw32_relmillisecs.c">
      <Filter>Source Files\MISC</Filter>
    </ClCompile>
    <ClCompile Include="pthreads-sources\ptw32_reuse.c">
      <Filter>Source Files\MISC</Filter>
    </ClCompile>
    <ClCompile Include="pthreads-sources\w32_CancelableWait.c">
      <Filter>Source Files\MISC</Filter>
    </ClCompile>
    <ClCompile Include="pthreads-sources\ptw32_cond_check_need_init.c">
      <Filter>Source Files\CONDVAR</Filter>
    </ClCompile>
    <ClCompile Include="pthreads-sources\pthread_cond_destroy.c">
      <Filter>Source Files\CONDVAR</Filter>
    </ClCompile>
    <ClCompile Include="pthreads-sources\pthread_cond_init.c">
      <Filter>Source Files\CONDVAR</Filter>
    </ClCompile>
    <ClCompile Include="pthreads-sources\pthread_cond_signal.c">
      <Filter>Source Files\CONDVAR</Filter>
    </ClCompile>
    <ClCompile Include="pthreads-sources\pthread_cond_wait.c">
      <Filter>Source Files\CONDVAR</Filter>
    </ClCompile>
    <ClCompile Include="pthreads-sources\pthread_condattr_destroy.c">
      <Filter>Source Files\CONDVAR</Filter>
    </ClCompile>
    <ClCompile Include="pthreads-sources\pthread_condattr_getpshared.c">
      <Filter>Source Files\CONDVAR</Filter>
    </ClCompile>
    <ClCompile Include="pthreads-sources\pthread_condattr_init.c">
      <Filter>Source Files\CONDVAR</Filter>
    </ClCompile>
    <ClCompile Include="pthreads-sources\pthread_condattr_setpshared.c">
      <Filter>Source Files\CONDVAR</Filter>
    </ClCompile>
    <ClCompile Include="pthreads-sources\pthread_cancel.c">
      <Filter>Source Files\CANCEL</Filter>
    </ClCompile>
    <ClCompile Include="pthreads-sources\pthread_setcancelstate.c">
      <Filter>Source Files\CANCEL</Filter>
    </ClCompile>
    <ClCompile Include="pthreads-sources\pthread_setcanceltype.c">
      <Filter>Source Files\CANCEL</Filter>
    </ClCompile>
    <ClCompile Include="pthreads-sources\pthread_testcancel.c">
      <Filter>Source Files\CANCEL</Filter>
    </ClCompile>
    <ClCompile Include="pthreads-sources\pthread_barrier_destroy.c">
      <Filter>Source Files\BARRIER</Filter>
    </ClCompile>
    <ClCompile Include="pthreads-sources\pthread_barrier_init.c">
      <Filter>Source Files\BARRIER</Filter>
    </ClCompile>
    <ClCompile Include="pthreads-sources\pthread_barrier_wait.c">
      <Filter>Source Files\BARRIER</Filter>
    </ClCompile>
    <ClCompile Include="pthreads-sources\pthread_barrierattr_destroy.c">
      <Filter>Source Files\BARRIER</Filter>
    </ClCompile>
    <ClCompile Include="pthreads-sources\pthread_barrierattr_getpshared.c">
      <Filter>Source Files\BARRIER</Filter>
    </ClCompile>
    <ClCompile Include="pthreads-sources\pthread_barrierattr_init.c">
      <Filter>Source Files\BARRIER</Filter>
    </ClCompile>
    <ClCompile Include="pthreads-sources\pthread_barrierattr_setpshared.c">
      <Filter>Source Files\BARRIER</Filter>
    </ClCompile>
    <ClCompile Include="pthreads-sources\pthread_attr_destroy.c">
      <Filter>Source Files\ATTR</Filter>
    </ClCompile>
    <ClCompile Include="pthreads-sources\pthread_attr_getdetachstate.c">
      <Filter>Source Files\ATTR</Filter>
    </ClCompile>
    <ClCompile Include="pthreads-sources\pthread_attr_getscope.c">
      <Filter>Source Files\ATTR</Filter>
    </ClCompile>
    <ClCompile Include="pthreads-sources\pthread_attr_getstackaddr.c">
      <Filter>Source Files\ATTR</Filter>
    </ClCompile>
    <ClCompile Include="pthreads-sources\pthread_attr_getstacksize.c">
      <Filter>Source Files\ATTR</Filter>
    </ClCompile>
    <ClCompile Include="pthreads-sources\pthread_attr_init.c">
      <Filter>Source Files\ATTR</Filter>
    </ClCompile>
    <ClCompile Include="pthreads-sources\pthread_attr_setdetachstate.c">
      <Filter>Source Files\ATTR</Filter>
    </ClCompile>
    <ClCompile Include="pthreads-sources\pthread_attr_setscope.c">
      <Filter>Source Files\ATTR</Filter>
    </ClCompile>
    <ClCompile Include="pthreads-sources\pthread_attr_setstackaddr.c">
      <Filter>Source Files\ATTR</Filter>
    </ClCompile>
    <ClCompile Include="pthreads-sources\pthread_attr_setstacksize.c">
      <Filter>Source Files\ATTR</Filter>
    </ClCompile>
    <ClCompile Include="pthreads-sources\autostatic.c">
      <Filter>Source Files</Filter>
    </ClCompile>
    <ClCompile Include="pthreads-sources\cleanup.c">
      <Filter>Source Files</Filter>
    </ClCompile>
    <ClCompile Include="pthreads-sources\create.c">
      <Filter>Source Files</Filter>
    </ClCompile>
    <ClCompile Include="pthreads-sources\dll.c">
      <Filter>Source Files</Filter>
    </ClCompile>
    <ClCompile Include="pthreads-sources\errno.c">
      <Filter>Source Files</Filter>
    </ClCompile>
    <ClCompile Include="pthreads-sources\fork.c">
      <Filter>Source Files</Filter>
    </ClCompile>
    <ClCompile Include="pthreads-sources\global.c">
      <Filter>Source Files</Filter>
    </ClCompile>
    <ClCompile Include="pthreads-sources\signal.c">
      <Filter>Source Files</Filter>
    </ClCompile>
  </ItemGroup>
</Project>